# This file is automatically @generated by Cargo.
# It is not intended for manual editing.
version = 3

[[package]]
name = "mediatype"
version = "0.19.13"
source = "registry+https://github.com/rust-lang/crates.io-index"
checksum = "fea6e62614ab2fc0faa58bb15102a0382d368f896a9fa4776592589ab55c4de7"

[[package]]
name = "patch-calibre-desktop-files"
version = "0.1.0"
dependencies = [
 "mediatype",
]
